<?xml version="1.0" encoding="utf-8"?>
<Project ToolsVersion="4.0" xmlns="http://schemas.microsoft.com/developer/msbuild/2003">
  <ItemGroup>
    <Filter Include="Source Files">
      <UniqueIdentifier>{4FC737F1-C7A5-4376-A066-2A32D752A2FF}</UniqueIdentifier>
      <Extensions>cpp;c;cc;cxx;c++;cppm;ixx;def;odl;idl;hpj;bat;asm;asmx</Extensions>
    </Filter>
    <Filter Include="Header Files">
      <UniqueIdentifier>{93995380-89BD-4b04-88EB-625FBE52EBFB}</UniqueIdentifier>
      <Extensions>h;hh;hpp;hxx;h++;hm;inl;inc;ipp;xsd</Extensions>
    </Filter>
    <Filter Include="Resource Files">
      <UniqueIdentifier>{67DA6AB6-F800-4c08-8B7A-83BB121AAD01}</UniqueIdentifier>
      <Extensions>rc;ico;cur;bmp;dlg;rc2;rct;bin;rgs;gif;jpg;jpeg;jpe;resx;tiff;tif;png;wav;mfcribbon-ms</Extensions>
    </Filter>
    <Filter Include="Source Files\src/core">
      <UniqueIdentifier>{556f9fd4-536a-487b-8ae7-6fa0dface0a9}</UniqueIdentifier>
    </Filter>
    <Filter Include="Resource Files\IMG">
      <UniqueIdentifier>{2cb374d6-c49f-4ecc-82ec-d77bf5c6ef64}</UniqueIdentifier>
    </Filter>
    <Filter Include="Source Files\content/data">
      <UniqueIdentifier>{42e62a23-ed10-49f0-8714-e7193ac475a6}</UniqueIdentifier>
    </Filter>
    <Filter Include="Source Files\content/data\machine">
      <UniqueIdentifier>{d60352e0-b9bf-467a-83c1-d92e8372450e}</UniqueIdentifier>
    </Filter>
    <Filter Include="Source Files\content/data\item">
      <UniqueIdentifier>{da751360-6c21-4822-84b9-a0dcf67268f9}</UniqueIdentifier>
    </Filter>
  </ItemGroup>
  <ItemGroup>
    <ClCompile Include="main.cpp">
      <Filter>Source Files</Filter>
    </ClCompile>
    <ClCompile Include="src\core\chunk.cpp">
      <Filter>Source Files\src/core</Filter>
    </ClCompile>
    <ClCompile Include="src\core\world.cpp">
      <Filter>Source Files\src/core</Filter>
    </ClCompile>
    <ClCompile Include="src\core\tile.cpp">
      <Filter>Source Files\src/core</Filter>
    </ClCompile>
    <ClCompile Include="core.cpp">
      <Filter>Source Files\src/core</Filter>
    </ClCompile>
    <ClCompile Include="src\core\player.cpp">
      <Filter>Source Files\src/core</Filter>
    </ClCompile>
    <ClCompile Include="src\core\machine.cpp">
      <Filter>Source Files\src/core</Filter>
    </ClCompile>
    <ClCompile Include="content\data\machine\conveyor.cpp">
      <Filter>Source Files\content/data\machine</Filter>
    </ClCompile>
    <ClCompile Include="content\data\machine\exporter.cpp">
      <Filter>Source Files\content/data\machine</Filter>
    </ClCompile>
    <ClCompile Include="content\data\machine\importer.cpp">
      <Filter>Source Files\content/data\machine</Filter>
    </ClCompile>
    <ClCompile Include="src\core\uiElement.cpp">
      <Filter>Source Files\src/core</Filter>
    </ClCompile>
    <ClCompile Include="src\core\item.cpp">
      <Filter>Source Files\src/core</Filter>
    </ClCompile>
    <ClCompile Include="src\core\itemStack.cpp">
      <Filter>Source Files\src/core</Filter>
    </ClCompile>
    <ClCompile Include="src\core\machineItem.cpp">
      <Filter>Source Files\src/core</Filter>
    </ClCompile>
    <ClCompile Include="content\data\machines.cpp">
      <Filter>Source Files\content/data</Filter>
    </ClCompile>
    <ClCompile Include="content\data\items.cpp">
      <Filter>Source Files\content/data</Filter>
    </ClCompile>
    <ClCompile Include="content\data\machine\Crate.cpp">
      <Filter>Source Files\content/data\machine</Filter>
    </ClCompile>
    <ClCompile Include="content\data\machine\Splitter.cpp">
      <Filter>Source Files\content/data\machine</Filter>
    </ClCompile>
  </ItemGroup>
  <ItemGroup>
    <ClInclude Include="src\core\chunk.h">
      <Filter>Source Files\src/core</Filter>
    </ClInclude>
    <ClInclude Include="src\core\world.h">
      <Filter>Source Files\src/core</Filter>
    </ClInclude>
    <ClInclude Include="main.h">
      <Filter>Source Files</Filter>
    </ClInclude>
    <ClInclude Include="core.h">
      <Filter>Source Files\src/core</Filter>
    </ClInclude>
    <ClInclude Include="src\core\tile.h">
      <Filter>Source Files\src/core</Filter>
    </ClInclude>
    <ClInclude Include="src\core\player.h">
      <Filter>Source Files\src/core</Filter>
    </ClInclude>
    <ClInclude Include="src\core\machine.h">
      <Filter>Source Files\src/core</Filter>
    </ClInclude>
    <ClInclude Include="content\data\machines.h">
      <Filter>Source Files\content/data</Filter>
    </ClInclude>
    <ClInclude Include="content\data\machine\conveyor.h">
      <Filter>Source Files\content/data\machine</Filter>
    </ClInclude>
    <ClInclude Include="content\data\machine\exporter.h">
      <Filter>Source Files\content/data\machine</Filter>
    </ClInclude>
    <ClInclude Include="content\data\machine\importer.h">
      <Filter>Source Files\content/data\machine</Filter>
    </ClInclude>
    <ClInclude Include="src\core\uiElement.h">
      <Filter>Source Files\src/core</Filter>
    </ClInclude>
    <ClInclude Include="src\core\item.h">
      <Filter>Source Files\src/core</Filter>
    </ClInclude>
    <ClInclude Include="src\core\itemStack.h">
      <Filter>Source Files\src/core</Filter>
    </ClInclude>
    <ClInclude Include="src\core\machineItem.h">
      <Filter>Source Files\src/core</Filter>
    </ClInclude>
    <ClInclude Include="content\data\items.h">
      <Filter>Source Files\content/data</Filter>
    </ClInclude>
    <ClInclude Include="content\data\machine\Crate.h">
      <Filter>Source Files\content/data\machine</Filter>
    </ClInclude>
    <ClInclude Include="content\data\machine\Splitter.h">
      <Filter>Source Files\content/data\machine</Filter>
    </ClInclude>
  </ItemGroup>
  <ItemGroup>
    <CopyFileToFolders Include="content\img\FactoryTiles1.png">
      <Filter>Resource Files\IMG</Filter>
    </CopyFileToFolders>
    <CopyFileToFolders Include="content\img\player.png">
      <Filter>Resource Files\IMG</Filter>
    </CopyFileToFolders>
    <CopyFileToFolders Include="content\img\UI.png">
      <Filter>Resource Files\IMG</Filter>
    </CopyFileToFolders>
    <CopyFileToFolders Include="content\img\items.png">
      <Filter>Resource Files\IMG</Filter>
    </CopyFileToFolders>
  </ItemGroup>
</Project>